
Microsoft Visual Studio Solution File, Format Version 12.00
# Visual Studio Version 17
VisualStudioVersion = 17.14.36221.1
MinimumVisualStudioVersion = 10.0.40219.1
Project("{FAE04EC0-301F-11D3-BF4B-00C04F79EFBC}") = "DerivativesPricingApp", "DerivativesPricingApp\DerivativesPricingApp.csproj", "{79012BD1-CC82-4213-A63F-51276C3CA446}"
EndProject
Project("{FAE04EC0-301F-11D3-BF4B-00C04F79EFBC}") = "DerivativesPricingApp.Api", "DerivativesPricingApp.Api\DerivativesPricingApp.Api.csproj", "{513C959A-1E2A-41B0-BD09-624DC8F0A1D3}"
EndProject
Global
	GlobalSection(SolutionConfigurationPlatforms) = preSolution
		Debug|Any CPU = Debug|Any CPU
		Release|Any CPU = Release|Any CPU
	EndGlobalSection
	GlobalSection(ProjectConfigurationPlatforms) = postSolution
		{79012BD1-CC82-4213-A63F-51276C3CA446}.Debug|Any CPU.ActiveCfg = Debug|Any CPU
		{79012BD1-CC82-4213-A63F-51276C3CA446}.Debug|Any CPU.Build.0 = Debug|Any CPU
		{79012BD1-CC82-4213-A63F-51276C3CA446}.Release|Any CPU.ActiveCfg = Release|Any CPU
		{79012BD1-CC82-4213-A63F-51276C3CA446}.Release|Any CPU.Build.0 = Release|Any CPU
		{513C959A-1E2A-41B0-BD09-624DC8F0A1D3}.Debug|Any CPU.ActiveCfg = Debug|Any CPU
		{513C959A-1E2A-41B0-BD09-624DC8F0A1D3}.Debug|Any CPU.Build.0 = Debug|Any CPU
		{513C959A-1E2A-41B0-BD09-624DC8F0A1D3}.Release|Any CPU.ActiveCfg = Release|Any CPU
		{513C959A-1E2A-41B0-BD09-624DC8F0A1D3}.Release|Any CPU.Build.0 = Release|Any CPU
	EndGlobalSection
	GlobalSection(SolutionProperties) = preSolution
		HideSolutionNode = FALSE
	EndGlobalSection
	GlobalSection(ExtensibilityGlobals) = postSolution
		SolutionGuid = {6910FC61-B5AB-4775-B95A-652DE9495EF3}
	EndGlobalSection
EndGlobal
